
Microsoft Visual Studio Solution File, Format Version 12.00
# Visual Studio Version 16
VisualStudioVersion = 16.0.28922.388
MinimumVisualStudioVersion = 10.0.40219.1
Project("{FAE04EC0-301F-11D3-BF4B-00C04F79EFBC}") = "Application.WebApi", "Application.WebApi\Application.WebApi.csproj", "{9F99E1E8-A769-4395-A959-98A209812FF5}"
EndProject
Project("{FAE04EC0-301F-11D3-BF4B-00C04F79EFBC}") = "Application.WebApi.Tests", "Application.WebApi.Tests\Application.WebApi.Tests.csproj", "{A0B9D328-B6E5-4B64-A69B-56F111395BB2}"
EndProject
Global
	GlobalSection(SolutionConfigurationPlatforms) = preSolution
		Debug|Any CPU = Debug|Any CPU
		Release|Any CPU = Release|Any CPU
	EndGlobalSection
	GlobalSection(ProjectConfigurationPlatforms) = postSolution
		{9F99E1E8-A769-4395-A959-98A209812FF5}.Debug|Any CPU.ActiveCfg = Debug|Any CPU
		{9F99E1E8-A769-4395-A959-98A209812FF5}.Debug|Any CPU.Build.0 = Debug|Any CPU
		{9F99E1E8-A769-4395-A959-98A209812FF5}.Release|Any CPU.ActiveCfg = Release|Any CPU
		{9F99E1E8-A769-4395-A959-98A209812FF5}.Release|Any CPU.Build.0 = Release|Any CPU
		{A0B9D328-B6E5-4B64-A69B-56F111395BB2}.Debug|Any CPU.ActiveCfg = Debug|Any CPU
		{A0B9D328-B6E5-4B64-A69B-56F111395BB2}.Debug|Any CPU.Build.0 = Debug|Any CPU
		{A0B9D328-B6E5-4B64-A69B-56F111395BB2}.Release|Any CPU.ActiveCfg = Release|Any CPU
		{A0B9D328-B6E5-4B64-A69B-56F111395BB2}.Release|Any CPU.Build.0 = Release|Any CPU
	EndGlobalSection
	GlobalSection(SolutionProperties) = preSolution
		HideSolutionNode = FALSE
	EndGlobalSection
	GlobalSection(ExtensibilityGlobals) = postSolution
		SolutionGuid = {FB8B922C-244F-402B-8F1F-4FF6582740DD}
	EndGlobalSection
EndGlobal
